
Microsoft Visual Studio Solution File, Format Version 12.00
# Visual Studio Version 16
VisualStudioVersion = 25.0.1706.12
MinimumVisualStudioVersion = 10.0.40219.1
Project("{FAE04EC0-301F-11D3-BF4B-00C04F79EFBC}") = "Test", "Test\Test.csproj", "{A74D2080-0B20-4384-A1B4-12226A848462}"
EndProject
Global
	GlobalSection(SolutionConfigurationPlatforms) = preSolution
		Debug|Any CPU = Debug|Any CPU
		Release|Any CPU = Release|Any CPU
	EndGlobalSection
	GlobalSection(ProjectConfigurationPlatforms) = postSolution
		{A74D2080-0B20-4384-A1B4-12226A848462}.Debug|Any CPU.ActiveCfg = Debug|Any CPU
		{A74D2080-0B20-4384-A1B4-12226A848462}.Debug|Any CPU.Build.0 = Debug|Any CPU
		{A74D2080-0B20-4384-A1B4-12226A848462}.Release|Any CPU.ActiveCfg = Release|Any CPU
		{A74D2080-0B20-4384-A1B4-12226A848462}.Release|Any CPU.Build.0 = Release|Any CPU
	EndGlobalSection
	GlobalSection(SolutionProperties) = preSolution
		HideSolutionNode = FALSE
	EndGlobalSection
	GlobalSection(ExtensibilityGlobals) = postSolution
		SolutionGuid = {5C0B24B6-3CF0-4921-8590-70F6B77EEF43}
	EndGlobalSection
EndGlobal
